// !$*UTF8*$!
{
	archiveVersion = 1;
	classes = {
	};
	objectVersion = 48;
	objects = {

/* Begin PBXBuildFile section */
		1E2D34191FEC43FA00A614C6 /* VerticalCategorySection.swift in Sources */ = {isa = PBXBuildFile; fileRef = 1E2D34181FEC43FA00A614C6 /* VerticalCategorySection.swift */; };
		1E5C70B21FDD77A2000264DC /* CustomNavBar.swift in Sources */ = {isa = PBXBuildFile; fileRef = 1E5C70B11FDD77A2000264DC /* CustomNavBar.swift */; };
		1E5E86611FED47E500244F24 /* EmbeddedSectionController.swift in Sources */ = {isa = PBXBuildFile; fileRef = 1E5E86601FED47E500244F24 /* EmbeddedSectionController.swift */; };
		1E6AD5D41FD80CE400394ACA /* AppDelegate.swift in Sources */ = {isa = PBXBuildFile; fileRef = 1E6AD5D31FD80CE400394ACA /* AppDelegate.swift */; };
		1E6AD5D61FD80CE400394ACA /* HomeVC.swift in Sources */ = {isa = PBXBuildFile; fileRef = 1E6AD5D51FD80CE400394ACA /* HomeVC.swift */; };
		1E6AD5D91FD80CE400394ACA /* Main.storyboard in Resources */ = {isa = PBXBuildFile; fileRef = 1E6AD5D71FD80CE400394ACA /* Main.storyboard */; };
		1E6AD5DB1FD80CE400394ACA /* Assets.xcassets in Resources */ = {isa = PBXBuildFile; fileRef = 1E6AD5DA1FD80CE400394ACA /* Assets.xcassets */; };
		1E6AD5DE1FD80CE400394ACA /* LaunchScreen.storyboard in Resources */ = {isa = PBXBuildFile; fileRef = 1E6AD5DC1FD80CE400394ACA /* LaunchScreen.storyboard */; };
		1E771E8A2003042000D53BE5 /* wideCategoryCell.swift in Sources */ = {isa = PBXBuildFile; fileRef = 1E771E882003042000D53BE5 /* wideCategoryCell.swift */; };
		1E771E8B2003042000D53BE5 /* wideCategoryCell.xib in Resources */ = {isa = PBXBuildFile; fileRef = 1E771E892003042000D53BE5 /* wideCategoryCell.xib */; };
		1E877E152001AB4300A6C725 /* EmbeddedCollectionViewCell.swift in Sources */ = {isa = PBXBuildFile; fileRef = 1E877E142001AB4200A6C725 /* EmbeddedCollectionViewCell.swift */; };
		1E8BA9921FE2C583001B38AB /* UIBarButtonItem+Badge.m in Sources */ = {isa = PBXBuildFile; fileRef = 1E8BA9911FE2C583001B38AB /* UIBarButtonItem+Badge.m */; };
		1E9620A1201B093700BAB186 /* ProductsPreviewHeaderSectionController.swift in Sources */ = {isa = PBXBuildFile; fileRef = 1E9620A0201B093700BAB186 /* ProductsPreviewHeaderSectionController.swift */; };
		1E9620A4201B0EE100BAB186 /* ProductsPreviewCell.swift in Sources */ = {isa = PBXBuildFile; fileRef = 1E9620A2201B0EE100BAB186 /* ProductsPreviewCell.swift */; };
		1E9620A5201B0EE100BAB186 /* ProductsPreviewCell.xib in Resources */ = {isa = PBXBuildFile; fileRef = 1E9620A3201B0EE100BAB186 /* ProductsPreviewCell.xib */; };
		1EFE5AAF1FD8493300BE5699 /* tabBarVC.swift in Sources */ = {isa = PBXBuildFile; fileRef = 1EFE5AAE1FD8493300BE5699 /* tabBarVC.swift */; };
		296294D31235BFD2019C7C20 /* Pods_Instasalla.framework in Frameworks */ = {isa = PBXBuildFile; fileRef = 6022731D6514C616EA931731 /* Pods_Instasalla.framework */; };
/* End PBXBuildFile section */

/* Begin PBXFileReference section */
		1824E37549322352040B7698 /* Pods-Instasalla.release.xcconfig */ = {isa = PBXFileReference; includeInIndex = 1; lastKnownFileType = text.xcconfig; name = "Pods-Instasalla.release.xcconfig"; path = "Pods/Target Support Files/Pods-Instasalla/Pods-Instasalla.release.xcconfig"; sourceTree = "<group>"; };
		1E2D34181FEC43FA00A614C6 /* VerticalCategorySection.swift */ = {isa = PBXFileReference; fileEncoding = 4; lastKnownFileType = sourcecode.swift; path = VerticalCategorySection.swift; sourceTree = "<group>"; };
		1E5C70B11FDD77A2000264DC /* CustomNavBar.swift */ = {isa = PBXFileReference; fileEncoding = 4; lastKnownFileType = sourcecode.swift; path = CustomNavBar.swift; sourceTree = "<group>"; };
		1E5E86601FED47E500244F24 /* EmbeddedSectionController.swift */ = {isa = PBXFileReference; lastKnownFileType = sourcecode.swift; path = EmbeddedSectionController.swift; sourceTree = "<group>"; };
		1E6AD5D01FD80CE400394ACA /* Instasalla.app */ = {isa = PBXFileReference; explicitFileType = wrapper.application; includeInIndex = 0; path = Instasalla.app; sourceTree = BUILT_PRODUCTS_DIR; };
		1E6AD5D31FD80CE400394ACA /* AppDelegate.swift */ = {isa = PBXFileReference; lastKnownFileType = sourcecode.swift; path = AppDelegate.swift; sourceTree = "<group>"; };
		1E6AD5D51FD80CE400394ACA /* HomeVC.swift */ = {isa = PBXFileReference; lastKnownFileType = sourcecode.swift; path = HomeVC.swift; sourceTree = "<group>"; };
		1E6AD5D81FD80CE400394ACA /* Base */ = {isa = PBXFileReference; lastKnownFileType = file.storyboard; name = Base; path = Base.lproj/Main.storyboard; sourceTree = "<group>"; };
		1E6AD5DA1FD80CE400394ACA /* Assets.xcassets */ = {isa = PBXFileReference; lastKnownFileType = folder.assetcatalog; path = Assets.xcassets; sourceTree = "<group>"; };
		1E6AD5DD1FD80CE400394ACA /* Base */ = {isa = PBXFileReference; lastKnownFileType = file.storyboard; name = Base; path = Base.lproj/LaunchScreen.storyboard; sourceTree = "<group>"; };
		1E6AD5DF1FD80CE400394ACA /* Info.plist */ = {isa = PBXFileReference; lastKnownFileType = text.plist.xml; path = Info.plist; sourceTree = "<group>"; };
		1E771E882003042000D53BE5 /* wideCategoryCell.swift */ = {isa = PBXFileReference; lastKnownFileType = sourcecode.swift; path = wideCategoryCell.swift; sourceTree = "<group>"; };
		1E771E892003042000D53BE5 /* wideCategoryCell.xib */ = {isa = PBXFileReference; lastKnownFileType = file.xib; path = wideCategoryCell.xib; sourceTree = "<group>"; };
		1E877E142001AB4200A6C725 /* EmbeddedCollectionViewCell.swift */ = {isa = PBXFileReference; lastKnownFileType = sourcecode.swift; path = EmbeddedCollectionViewCell.swift; sourceTree = "<group>"; };
		1E8BA98F1FE2C581001B38AB /* Instasalla-Bridging-Header.h */ = {isa = PBXFileReference; lastKnownFileType = sourcecode.c.h; path = "Instasalla-Bridging-Header.h"; sourceTree = "<group>"; };
		1E8BA9901FE2C583001B38AB /* UIBarButtonItem+Badge.h */ = {isa = PBXFileReference; fileEncoding = 4; lastKnownFileType = sourcecode.c.h; path = "UIBarButtonItem+Badge.h"; sourceTree = "<group>"; };
		1E8BA9911FE2C583001B38AB /* UIBarButtonItem+Badge.m */ = {isa = PBXFileReference; fileEncoding = 4; lastKnownFileType = sourcecode.c.objc; path = "UIBarButtonItem+Badge.m"; sourceTree = "<group>"; };
		1E9620A0201B093700BAB186 /* ProductsPreviewHeaderSectionController.swift */ = {isa = PBXFileReference; fileEncoding = 4; lastKnownFileType = sourcecode.swift; path = ProductsPreviewHeaderSectionController.swift; sourceTree = "<group>"; };
		1E9620A2201B0EE100BAB186 /* ProductsPreviewCell.swift */ = {isa = PBXFileReference; fileEncoding = 4; lastKnownFileType = sourcecode.swift; path = ProductsPreviewCell.swift; sourceTree = "<group>"; };
		1E9620A3201B0EE100BAB186 /* ProductsPreviewCell.xib */ = {isa = PBXFileReference; fileEncoding = 4; lastKnownFileType = file.xib; path = ProductsPreviewCell.xib; sourceTree = "<group>"; };
		1EFE5AAE1FD8493300BE5699 /* tabBarVC.swift */ = {isa = PBXFileReference; lastKnownFileType = sourcecode.swift; path = tabBarVC.swift; sourceTree = "<group>"; };
		6022731D6514C616EA931731 /* Pods_Instasalla.framework */ = {isa = PBXFileReference; explicitFileType = wrapper.framework; includeInIndex = 0; path = Pods_Instasalla.framework; sourceTree = BUILT_PRODUCTS_DIR; };
		81134AB06E9D8A7DC58133CD /* Pods-Instasalla.debug.xcconfig */ = {isa = PBXFileReference; includeInIndex = 1; lastKnownFileType = text.xcconfig; name = "Pods-Instasalla.debug.xcconfig"; path = "Pods/Target Support Files/Pods-Instasalla/Pods-Instasalla.debug.xcconfig"; sourceTree = "<group>"; };
/* End PBXFileReference section */

/* Begin PBXFrameworksBuildPhase section */
		1E6AD5CD1FD80CE400394ACA /* Frameworks */ = {
			isa = PBXFrameworksBuildPhase;
			buildActionMask = 2147483647;
			files = (
				296294D31235BFD2019C7C20 /* Pods_Instasalla.framework in Frameworks */,
			);
			runOnlyForDeploymentPostprocessing = 0;
		};
/* End PBXFrameworksBuildPhase section */

/* Begin PBXGroup section */
		1E2D34171FEC40CA00A614C6 /* Sections */ = {
			isa = PBXGroup;
			children = (
				1E5E86601FED47E500244F24 /* EmbeddedSectionController.swift */,
				1E2D34181FEC43FA00A614C6 /* VerticalCategorySection.swift */,
				1E9620A0201B093700BAB186 /* ProductsPreviewHeaderSectionController.swift */,
			);
			name = Sections;
			sourceTree = "<group>";
		};
		1E5E865F1FED470200244F24 /* Cells */ = {
			isa = PBXGroup;
			children = (
				1E877E142001AB4200A6C725 /* EmbeddedCollectionViewCell.swift */,
				1E771E882003042000D53BE5 /* wideCategoryCell.swift */,
				1E771E892003042000D53BE5 /* wideCategoryCell.xib */,
				1E9620A2201B0EE100BAB186 /* ProductsPreviewCell.swift */,
				1E9620A3201B0EE100BAB186 /* ProductsPreviewCell.xib */,
			);
			name = Cells;
			sourceTree = "<group>";
		};
		1E6AD5C71FD80CE300394ACA = {
			isa = PBXGroup;
			children = (
				1E6AD5D21FD80CE400394ACA /* Instasalla */,
				1E6AD5D11FD80CE400394ACA /* Products */,
				9FDC2DD05D23520D2D8F6214 /* Pods */,
				D594E1794E0829ACBAB87A6B /* Frameworks */,
			);
			sourceTree = "<group>";
		};
		1E6AD5D11FD80CE400394ACA /* Products */ = {
			isa = PBXGroup;
			children = (
				1E6AD5D01FD80CE400394ACA /* Instasalla.app */,
			);
			name = Products;
			sourceTree = "<group>";
		};
		1E6AD5D21FD80CE400394ACA /* Instasalla */ = {
			isa = PBXGroup;
			children = (
				1E5E865F1FED470200244F24 /* Cells */,
				1E2D34171FEC40CA00A614C6 /* Sections */,
				1E877E182001D32A00A6C725 /* ViewControllers */,
				1E73499B1FE41DB40021E96E /* Resourses */,
				1E7A8E311FE868BF005EBC33 /* Views */,
				1E5C70B11FDD77A2000264DC /* CustomNavBar.swift */,
				1E6AD5D71FD80CE400394ACA /* Main.storyboard */,
				1E6AD5DA1FD80CE400394ACA /* Assets.xcassets */,
				1E6AD5DC1FD80CE400394ACA /* LaunchScreen.storyboard */,
				1E6AD5DF1FD80CE400394ACA /* Info.plist */,
				1E6AD5D31FD80CE400394ACA /* AppDelegate.swift */,
			);
			path = Instasalla;
			sourceTree = "<group>";
		};
		1E73499B1FE41DB40021E96E /* Resourses */ = {
			isa = PBXGroup;
			children = (
				1E8BA9901FE2C583001B38AB /* UIBarButtonItem+Badge.h */,
				1E8BA9911FE2C583001B38AB /* UIBarButtonItem+Badge.m */,
				1E8BA98F1FE2C581001B38AB /* Instasalla-Bridging-Header.h */,
			);
			name = Resourses;
			sourceTree = "<group>";
		};
		1E7A8E311FE868BF005EBC33 /* Views */ = {
			isa = PBXGroup;
			children = (
				1EFE5AAE1FD8493300BE5699 /* tabBarVC.swift */,
			);
			name = Views;
			sourceTree = "<group>";
		};
		1E877E182001D32A00A6C725 /* ViewControllers */ = {
			isa = PBXGroup;
			children = (
				1E6AD5D51FD80CE400394ACA /* HomeVC.swift */,
			);
			name = ViewControllers;
			sourceTree = "<group>";
		};
		9FDC2DD05D23520D2D8F6214 /* Pods */ = {
			isa = PBXGroup;
			children = (
				81134AB06E9D8A7DC58133CD /* Pods-Instasalla.debug.xcconfig */,
				1824E37549322352040B7698 /* Pods-Instasalla.release.xcconfig */,
			);
			name = Pods;
			sourceTree = "<group>";
		};
		D594E1794E0829ACBAB87A6B /* Frameworks */ = {
			isa = PBXGroup;
			children = (
				6022731D6514C616EA931731 /* Pods_Instasalla.framework */,
			);
			name = Frameworks;
			sourceTree = "<group>";
		};
/* End PBXGroup section */

/* Begin PBXNativeTarget section */
		1E6AD5CF1FD80CE400394ACA /* Instasalla */ = {
			isa = PBXNativeTarget;
			buildConfigurationList = 1E6AD5E21FD80CE400394ACA /* Build configuration list for PBXNativeTarget "Instasalla" */;
			buildPhases = (
				63F76F0D71BFF1419E8E854B /* [CP] Check Pods Manifest.lock */,
				1E6AD5CC1FD80CE400394ACA /* Sources */,
				1E6AD5CD1FD80CE400394ACA /* Frameworks */,
				1E6AD5CE1FD80CE400394ACA /* Resources */,
				FD53C8BFC53C72EF69A4DEF7 /* [CP] Embed Pods Frameworks */,
				6F0A76C13262BB25F1092104 /* [CP] Copy Pods Resources */,
			);
			buildRules = (
			);
			dependencies = (
			);
			name = Instasalla;
			productName = Instasalla;
			productReference = 1E6AD5D01FD80CE400394ACA /* Instasalla.app */;
			productType = "com.apple.product-type.application";
		};
/* End PBXNativeTarget section */

/* Begin PBXProject section */
		1E6AD5C81FD80CE300394ACA /* Project object */ = {
			isa = PBXProject;
			attributes = {
				LastSwiftUpdateCheck = 0910;
				LastUpgradeCheck = 0910;
				TargetAttributes = {
					1E6AD5CF1FD80CE400394ACA = {
						CreatedOnToolsVersion = 9.1;
						LastSwiftMigration = 0920;
						ProvisioningStyle = Automatic;
					};
				};
			};
			buildConfigurationList = 1E6AD5CB1FD80CE300394ACA /* Build configuration list for PBXProject "Instasalla" */;
			compatibilityVersion = "Xcode 8.0";
			developmentRegion = en;
			hasScannedForEncodings = 0;
			knownRegions = (
				en,
				Base,
			);
			mainGroup = 1E6AD5C71FD80CE300394ACA;
			productRefGroup = 1E6AD5D11FD80CE400394ACA /* Products */;
			projectDirPath = "";
			projectRoot = "";
			targets = (
				1E6AD5CF1FD80CE400394ACA /* Instasalla */,
			);
		};
/* End PBXProject section */

/* Begin PBXResourcesBuildPhase section */
		1E6AD5CE1FD80CE400394ACA /* Resources */ = {
			isa = PBXResourcesBuildPhase;
			buildActionMask = 2147483647;
			files = (
				1E9620A5201B0EE100BAB186 /* ProductsPreviewCell.xib in Resources */,
				1E771E8B2003042000D53BE5 /* wideCategoryCell.xib in Resources */,
				1E6AD5DE1FD80CE400394ACA /* LaunchScreen.storyboard in Resources */,
				1E6AD5DB1FD80CE400394ACA /* Assets.xcassets in Resources */,
				1E6AD5D91FD80CE400394ACA /* Main.storyboard in Resources */,
			);
			runOnlyForDeploymentPostprocessing = 0;
		};
/* End PBXResourcesBuildPhase section */

/* Begin PBXShellScriptBuildPhase section */
		63F76F0D71BFF1419E8E854B /* [CP] Check Pods Manifest.lock */ = {
			isa = PBXShellScriptBuildPhase;
			buildActionMask = 2147483647;
			files = (
			);
			inputPaths = (
			);
			name = "[CP] Check Pods Manifest.lock";
			outputPaths = (
			);
			runOnlyForDeploymentPostprocessing = 0;
			shellPath = /bin/sh;
			shellScript = "diff \"${PODS_ROOT}/../Podfile.lock\" \"${PODS_ROOT}/Manifest.lock\" > /dev/null\nif [ $? != 0 ] ; then\n    # print error to STDERR\n    echo \"error: The sandbox is not in sync with the Podfile.lock. Run 'pod install' or update your CocoaPods installation.\" >&2\n    exit 1\nfi\n";
			showEnvVarsInLog = 0;
		};
		6F0A76C13262BB25F1092104 /* [CP] Copy Pods Resources */ = {
			isa = PBXShellScriptBuildPhase;
			buildActionMask = 2147483647;
			files = (
			);
			inputPaths = (
			);
			name = "[CP] Copy Pods Resources";
			outputPaths = (
			);
			runOnlyForDeploymentPostprocessing = 0;
			shellPath = /bin/sh;
			shellScript = "\"${SRCROOT}/Pods/Target Support Files/Pods-Instasalla/Pods-Instasalla-resources.sh\"\n";
			showEnvVarsInLog = 0;
		};
		FD53C8BFC53C72EF69A4DEF7 /* [CP] Embed Pods Frameworks */ = {
			isa = PBXShellScriptBuildPhase;
			buildActionMask = 2147483647;
			files = (
			);
			inputPaths = (
			);
			name = "[CP] Embed Pods Frameworks";
			outputPaths = (
			);
			runOnlyForDeploymentPostprocessing = 0;
			shellPath = /bin/sh;
			shellScript = "\"${SRCROOT}/Pods/Target Support Files/Pods-Instasalla/Pods-Instasalla-frameworks.sh\"\n";
			showEnvVarsInLog = 0;
		};
/* End PBXShellScriptBuildPhase section */

/* Begin PBXSourcesBuildPhase section */
		1E6AD5CC1FD80CE400394ACA /* Sources */ = {
			isa = PBXSourcesBuildPhase;
			buildActionMask = 2147483647;
			files = (
				1E8BA9921FE2C583001B38AB /* UIBarButtonItem+Badge.m in Sources */,
				1E877E152001AB4300A6C725 /* EmbeddedCollectionViewCell.swift in Sources */,
				1E9620A1201B093700BAB186 /* ProductsPreviewHeaderSectionController.swift in Sources */,
				1EFE5AAF1FD8493300BE5699 /* tabBarVC.swift in Sources */,
				1E6AD5D61FD80CE400394ACA /* HomeVC.swift in Sources */,
				1E2D34191FEC43FA00A614C6 /* VerticalCategorySection.swift in Sources */,
				1E9620A4201B0EE100BAB186 /* ProductsPreviewCell.swift in Sources */,
				1E6AD5D41FD80CE400394ACA /* AppDelegate.swift in Sources */,
				1E771E8A2003042000D53BE5 /* wideCategoryCell.swift in Sources */,
				1E5E86611FED47E500244F24 /* EmbeddedSectionController.swift in Sources */,
				1E5C70B21FDD77A2000264DC /* CustomNavBar.swift in Sources */,
			);
			runOnlyForDeploymentPostprocessing = 0;
		};
/* End PBXSourcesBuildPhase section */

/* Begin PBXVariantGroup section */
		1E6AD5D71FD80CE400394ACA /* Main.storyboard */ = {
			isa = PBXVariantGroup;
			children = (
				1E6AD5D81FD80CE400394ACA /* Base */,
			);
			name = Main.storyboard;
			sourceTree = "<group>";
		};
		1E6AD5DC1FD80CE400394ACA /* LaunchScreen.storyboard */ = {
			isa = PBXVariantGroup;
			children = (
				1E6AD5DD1FD80CE400394ACA /* Base */,
			);
			name = LaunchScreen.storyboard;
			sourceTree = "<group>";
		};
/* End PBXVariantGroup section */

/* Begin XCBuildConfiguration section */
		1E6AD5E01FD80CE400394ACA /* Debug */ = {
			isa = XCBuildConfiguration;
			buildSettings = {
				ALWAYS_SEARCH_USER_PATHS = NO;
				CLANG_ANALYZER_NONNULL = YES;
				CLANG_ANALYZER_NUMBER_OBJECT_CONVERSION = YES_AGGRESSIVE;
				CLANG_CXX_LANGUAGE_STANDARD = "gnu++14";
				CLANG_CXX_LIBRARY = "libc++";
				CLANG_ENABLE_MODULES = YES;
				CLANG_ENABLE_OBJC_ARC = YES;
				CLANG_WARN_BLOCK_CAPTURE_AUTORELEASING = YES;
				CLANG_WARN_BOOL_CONVERSION = YES;
				CLANG_WARN_COMMA = YES;
				CLANG_WARN_CONSTANT_CONVERSION = YES;
				CLANG_WARN_DIRECT_OBJC_ISA_USAGE = YES_ERROR;
				CLANG_WARN_DOCUMENTATION_COMMENTS = YES;
				CLANG_WARN_EMPTY_BODY = YES;
				CLANG_WARN_ENUM_CONVERSION = YES;
				CLANG_WARN_INFINITE_RECURSION = YES;
				CLANG_WARN_INT_CONVERSION = YES;
				CLANG_WARN_NON_LITERAL_NULL_CONVERSION = YES;
				CLANG_WARN_OBJC_LITERAL_CONVERSION = YES;
				CLANG_WARN_OBJC_ROOT_CLASS = YES_ERROR;
				CLANG_WARN_RANGE_LOOP_ANALYSIS = YES;
				CLANG_WARN_STRICT_PROTOTYPES = YES;
				CLANG_WARN_SUSPICIOUS_MOVE = YES;
				CLANG_WARN_UNGUARDED_AVAILABILITY = YES_AGGRESSIVE;
				CLANG_WARN_UNREACHABLE_CODE = YES;
				CLANG_WARN__DUPLICATE_METHOD_MATCH = YES;
				CODE_SIGN_IDENTITY = "iPhone Developer";
				COPY_PHASE_STRIP = NO;
				DEBUG_INFORMATION_FORMAT = dwarf;
				ENABLE_STRICT_OBJC_MSGSEND = YES;
				ENABLE_TESTABILITY = YES;
				GCC_C_LANGUAGE_STANDARD = gnu11;
				GCC_DYNAMIC_NO_PIC = NO;
				GCC_NO_COMMON_BLOCKS = YES;
				GCC_OPTIMIZATION_LEVEL = 0;
				GCC_PREPROCESSOR_DEFINITIONS = (
					"DEBUG=1",
					"$(inherited)",
				);
				GCC_WARN_64_TO_32_BIT_CONVERSION = YES;
				GCC_WARN_ABOUT_RETURN_TYPE = YES_ERROR;
				GCC_WARN_UNDECLARED_SELECTOR = YES;
				GCC_WARN_UNINITIALIZED_AUTOS = YES_AGGRESSIVE;
				GCC_WARN_UNUSED_FUNCTION = YES;
				GCC_WARN_UNUSED_VARIABLE = YES;
				IPHONEOS_DEPLOYMENT_TARGET = 11.1;
				MTL_ENABLE_DEBUG_INFO = YES;
				ONLY_ACTIVE_ARCH = YES;
				SDKROOT = iphoneos;
				SWIFT_ACTIVE_COMPILATION_CONDITIONS = DEBUG;
				SWIFT_OPTIMIZATION_LEVEL = "-Onone";
			};
			name = Debug;
		};
		1E6AD5E11FD80CE400394ACA /* Release */ = {
			isa = XCBuildConfiguration;
			buildSettings = {
				ALWAYS_SEARCH_USER_PATHS = NO;
				CLANG_ANALYZER_NONNULL = YES;
				CLANG_ANALYZER_NUMBER_OBJECT_CONVERSION = YES_AGGRESSIVE;
				CLANG_CXX_LANGUAGE_STANDARD = "gnu++14";
				CLANG_CXX_LIBRARY = "libc++";
				CLANG_ENABLE_MODULES = YES;
				CLANG_ENABLE_OBJC_ARC = YES;
				CLANG_WARN_BLOCK_CAPTURE_AUTORELEASING = YES;
				CLANG_WARN_BOOL_CONVERSION = YES;
				CLANG_WARN_COMMA = YES;
				CLANG_WARN_CONSTANT_CONVERSION = YES;
				CLANG_WARN_DIRECT_OBJC_ISA_USAGE = YES_ERROR;
				CLANG_WARN_DOCUMENTATION_COMMENTS = YES;
				CLANG_WARN_EMPTY_BODY = YES;
				CLANG_WARN_ENUM_CONVERSION = YES;
				CLANG_WARN_INFINITE_RECURSION = YES;
				CLANG_WARN_INT_CONVERSION = YES;
				CLANG_WARN_NON_LITERAL_NULL_CONVERSION = YES;
				CLANG_WARN_OBJC_LITERAL_CONVERSION = YES;
				CLANG_WARN_OBJC_ROOT_CLASS = YES_ERROR;
				CLANG_WARN_RANGE_LOOP_ANALYSIS = YES;
				CLANG_WARN_STRICT_PROTOTYPES = YES;
				CLANG_WARN_SUSPICIOUS_MOVE = YES;
				CLANG_WARN_UNGUARDED_AVAILABILITY = YES_AGGRESSIVE;
				CLANG_WARN_UNREACHABLE_CODE = YES;
				CLANG_WARN__DUPLICATE_METHOD_MATCH = YES;
				CODE_SIGN_IDENTITY = "iPhone Developer";
				COPY_PHASE_STRIP = NO;
				DEBUG_INFORMATION_FORMAT = "dwarf-with-dsym";
				ENABLE_NS_ASSERTIONS = NO;
				ENABLE_STRICT_OBJC_MSGSEND = YES;
				GCC_C_LANGUAGE_STANDARD = gnu11;
				GCC_NO_COMMON_BLOCKS = YES;
				GCC_WARN_64_TO_32_BIT_CONVERSION = YES;
				GCC_WARN_ABOUT_RETURN_TYPE = YES_ERROR;
				GCC_WARN_UNDECLARED_SELECTOR = YES;
				GCC_WARN_UNINITIALIZED_AUTOS = YES_AGGRESSIVE;
				GCC_WARN_UNUSED_FUNCTION = YES;
				GCC_WARN_UNUSED_VARIABLE = YES;
				IPHONEOS_DEPLOYMENT_TARGET = 11.1;
				MTL_ENABLE_DEBUG_INFO = NO;
				SDKROOT = iphoneos;
				SWIFT_OPTIMIZATION_LEVEL = "-Owholemodule";
				VALIDATE_PRODUCT = YES;
			};
			name = Release;
		};
		1E6AD5E31FD80CE400394ACA /* Debug */ = {
			isa = XCBuildConfiguration;
			baseConfigurationReference = 81134AB06E9D8A7DC58133CD /* Pods-Instasalla.debug.xcconfig */;
			buildSettings = {
				ASSETCATALOG_COMPILER_APPICON_NAME = AppIcon;
				CLANG_ENABLE_MODULES = YES;
				"CODE_SIGN_IDENTITY[sdk=iphoneos*]" = "iPhone Developer";
				CODE_SIGN_STYLE = Automatic;
				DEVELOPMENT_TEAM = VNS98PVAR5;
				INFOPLIST_FILE = Instasalla/Info.plist;
				IPHONEOS_DEPLOYMENT_TARGET = 10.3;
				LD_RUNPATH_SEARCH_PATHS = "$(inherited) @executable_path/Frameworks";
				PRODUCT_BUNDLE_IDENTIFIER = com.mh.Instasalla;
				PRODUCT_NAME = "$(TARGET_NAME)";
				PROVISIONING_PROFILE_SPECIFIER = "";
				SWIFT_OBJC_BRIDGING_HEADER = "Instasalla/Instasalla-Bridging-Header.h";
				SWIFT_OPTIMIZATION_LEVEL = "-Onone";
				SWIFT_VERSION = 3.0;
				TARGETED_DEVICE_FAMILY = "1,2";
			};
			name = Debug;
		};
		1E6AD5E41FD80CE400394ACA /* Release */ = {
			isa = XCBuildConfiguration;
			baseConfigurationReference = 1824E37549322352040B7698 /* Pods-Instasalla.release.xcconfig */;
			buildSettings = {
				ASSETCATALOG_COMPILER_APPICON_NAME = AppIcon;
				CLANG_ENABLE_MODULES = YES;
				"CODE_SIGN_IDENTITY[sdk=iphoneos*]" = "iPhone Developer";
				CODE_SIGN_STYLE = Automatic;
				DEVELOPMENT_TEAM = VNS98PVAR5;
				INFOPLIST_FILE = Instasalla/Info.plist;
				IPHONEOS_DEPLOYMENT_TARGET = 10.3;
				LD_RUNPATH_SEARCH_PATHS = "$(inherited) @executable_path/Frameworks";
				PRODUCT_BUNDLE_IDENTIFIER = com.mh.Instasalla;
				PRODUCT_NAME = "$(TARGET_NAME)";
				PROVISIONING_PROFILE_SPECIFIER = "";
				SWIFT_OBJC_BRIDGING_HEADER = "Instasalla/Instasalla-Bridging-Header.h";
				SWIFT_VERSION = 3.0;
				TARGETED_DEVICE_FAMILY = "1,2";
			};
			name = Release;
		};
/* End XCBuildConfiguration section */

/* Begin XCConfigurationList section */
		1E6AD5CB1FD80CE300394ACA /* Build configuration list for PBXProject "Instasalla" */ = {
			isa = XCConfigurationList;
			buildConfigurations = (
				1E6AD5E01FD80CE400394ACA /* Debug */,
				1E6AD5E11FD80CE400394ACA /* Release */,
			);
			defaultConfigurationIsVisible = 0;
			defaultConfigurationName = Release;
		};
		1E6AD5E21FD80CE400394ACA /* Build configuration list for PBXNativeTarget "Instasalla" */ = {
			isa = XCConfigurationList;
			buildConfigurations = (
				1E6AD5E31FD80CE400394ACA /* Debug */,
				1E6AD5E41FD80CE400394ACA /* Release */,
			);
			defaultConfigurationIsVisible = 0;
			defaultConfigurationName = Release;
		};
/* End XCConfigurationList section */
	};
	rootObject = 1E6AD5C81FD80CE300394ACA /* Project object */;
}
